// !$*UTF8*$!
{
	archiveVersion = 1;
	classes = {
	};
	objectVersion = 56;
	objects = {

/* Begin PBXBuildFile section */
		8717E7F529D5C2FE006C15D7 /* DefaultSearchCityTableViewCellViewModel.swift in Sources */ = {isa = PBXBuildFile; fileRef = 8717E7F429D5C2FE006C15D7 /* DefaultSearchCityTableViewCellViewModel.swift */; };
		8717E7F729D5C46F006C15D7 /* DefaultPreferredCitiesTableViewCellViewModel.swift in Sources */ = {isa = PBXBuildFile; fileRef = 8717E7F629D5C46F006C15D7 /* DefaultPreferredCitiesTableViewCellViewModel.swift */; };
		8731919729CDD61E007B38A9 /* AddPreferredCityViewController+TableView.swift in Sources */ = {isa = PBXBuildFile; fileRef = 8731919629CDD61E007B38A9 /* AddPreferredCityViewController+TableView.swift */; };
		8731919A29CDDCCF007B38A9 /* OpenWeatherAPI.swift in Sources */ = {isa = PBXBuildFile; fileRef = 8731919929CDDCCF007B38A9 /* OpenWeatherAPI.swift */; };
		8731919C29CDDDCA007B38A9 /* Cities.swift in Sources */ = {isa = PBXBuildFile; fileRef = 8731919B29CDDDCA007B38A9 /* Cities.swift */; };
		8731919E29CDE34F007B38A9 /* SearchCitiesUseCase.swift in Sources */ = {isa = PBXBuildFile; fileRef = 8731919D29CDE34F007B38A9 /* SearchCitiesUseCase.swift */; };
		873191A029CDE482007B38A9 /* DefaultSearchCitiesRepository.swift in Sources */ = {isa = PBXBuildFile; fileRef = 8731919F29CDE481007B38A9 /* DefaultSearchCitiesRepository.swift */; };
		873191A229CDE4B2007B38A9 /* SearchCitiesRepository.swift in Sources */ = {isa = PBXBuildFile; fileRef = 873191A129CDE4B2007B38A9 /* SearchCitiesRepository.swift */; };
		873191A429CDEF98007B38A9 /* Observable.swift in Sources */ = {isa = PBXBuildFile; fileRef = 873191A329CDEF98007B38A9 /* Observable.swift */; };
		8741E9F329D31FF50040E7EE /* ImageRepository.swift in Sources */ = {isa = PBXBuildFile; fileRef = 8741E9F229D31FF50040E7EE /* ImageRepository.swift */; };
		8741E9F529D320740040E7EE /* DefaultImageRepository.swift in Sources */ = {isa = PBXBuildFile; fileRef = 8741E9F429D320740040E7EE /* DefaultImageRepository.swift */; };
		8741E9F729D322CB0040E7EE /* GetUIImageFromImageRepositoryUseCase.swift in Sources */ = {isa = PBXBuildFile; fileRef = 8741E9F629D322CB0040E7EE /* GetUIImageFromImageRepositoryUseCase.swift */; };
		8741EA0629D47CAB0040E7EE /* PreferredCityModel.xcdatamodeld in Sources */ = {isa = PBXBuildFile; fileRef = 8741EA0429D47CAB0040E7EE /* PreferredCityModel.xcdatamodeld */; };
		8741EA0829D47FBA0040E7EE /* IsCityAlreadyAddedUseCase.swift in Sources */ = {isa = PBXBuildFile; fileRef = 8741EA0729D47FBA0040E7EE /* IsCityAlreadyAddedUseCase.swift */; };
		87703FE529DB6AED00FE236B /* SettingsViewController.swift in Sources */ = {isa = PBXBuildFile; fileRef = 87703FE329DB6AED00FE236B /* SettingsViewController.swift */; };
		87703FE629DB6AED00FE236B /* SettingsViewController.xib in Resources */ = {isa = PBXBuildFile; fileRef = 87703FE429DB6AED00FE236B /* SettingsViewController.xib */; };
		87703FE829DB6E9100FE236B /* UserDefaultsRepository.swift in Sources */ = {isa = PBXBuildFile; fileRef = 87703FE729DB6E9100FE236B /* UserDefaultsRepository.swift */; };
		87703FEA29DB6F1000FE236B /* DefaultUserDefaultsRepository.swift in Sources */ = {isa = PBXBuildFile; fileRef = 87703FE929DB6F1000FE236B /* DefaultUserDefaultsRepository.swift */; };
		87703FEC29DB709500FE236B /* SetShowLattitudeAndLongitudeSettingUseCase.swift in Sources */ = {isa = PBXBuildFile; fileRef = 87703FEB29DB709500FE236B /* SetShowLattitudeAndLongitudeSettingUseCase.swift */; };
		87703FEE29DB713800FE236B /* GetShowLattitudeAndLongitudeSettingUseCase.swift in Sources */ = {isa = PBXBuildFile; fileRef = 87703FED29DB713700FE236B /* GetShowLattitudeAndLongitudeSettingUseCase.swift */; };
		87703FF029DB71A800FE236B /* SettingsViewModel.swift in Sources */ = {isa = PBXBuildFile; fileRef = 87703FEF29DB71A800FE236B /* SettingsViewModel.swift */; };
		8783455C29CB3F27004FD216 /* AppDelegate.swift in Sources */ = {isa = PBXBuildFile; fileRef = 8783455B29CB3F27004FD216 /* AppDelegate.swift */; };
		8783456529CB3F29004FD216 /* Assets.xcassets in Resources */ = {isa = PBXBuildFile; fileRef = 8783456429CB3F29004FD216 /* Assets.xcassets */; };
		8783456829CB3F29004FD216 /* LaunchScreen.storyboard in Resources */ = {isa = PBXBuildFile; fileRef = 8783456629CB3F29004FD216 /* LaunchScreen.storyboard */; };
		8783457329CB3F2A004FD216 /* MyWeatherAppTests.swift in Sources */ = {isa = PBXBuildFile; fileRef = 8783457229CB3F2A004FD216 /* MyWeatherAppTests.swift */; };
		8783457D29CB3F2A004FD216 /* MyWeatherAppUITests.swift in Sources */ = {isa = PBXBuildFile; fileRef = 8783457C29CB3F2A004FD216 /* MyWeatherAppUITests.swift */; };
		8783457F29CB3F2A004FD216 /* MyWeatherAppUITestsLaunchTests.swift in Sources */ = {isa = PBXBuildFile; fileRef = 8783457E29CB3F2A004FD216 /* MyWeatherAppUITestsLaunchTests.swift */; };
		8783459029CB4DAE004FD216 /* AppConfiguration.swift in Sources */ = {isa = PBXBuildFile; fileRef = 8783458F29CB4DAE004FD216 /* AppConfiguration.swift */; };
		8783459D29CB5FF6004FD216 /* PreferredCitiesListViewModel.swift in Sources */ = {isa = PBXBuildFile; fileRef = 8783459C29CB5FF6004FD216 /* PreferredCitiesListViewModel.swift */; };
		878345A329CB653F004FD216 /* PreferredCitiesRepository.swift in Sources */ = {isa = PBXBuildFile; fileRef = 878345A229CB653F004FD216 /* PreferredCitiesRepository.swift */; };
		878345A729CB6624004FD216 /* DefaultPreferredCitiesRepository.swift in Sources */ = {isa = PBXBuildFile; fileRef = 878345A629CB6624004FD216 /* DefaultPreferredCitiesRepository.swift */; };
		878345B229CB75BF004FD216 /* PreferredCitiesListViewController.swift in Sources */ = {isa = PBXBuildFile; fileRef = 878345B029CB75BF004FD216 /* PreferredCitiesListViewController.swift */; };
		878345B329CB75BF004FD216 /* PreferredCitiesListViewController.xib in Resources */ = {isa = PBXBuildFile; fileRef = 878345B129CB75BF004FD216 /* PreferredCitiesListViewController.xib */; };
		8787C2DB29D4BDAA0033FF90 /* DeletePreferredCityUseCase.swift in Sources */ = {isa = PBXBuildFile; fileRef = 8787C2DA29D4BDAA0033FF90 /* DeletePreferredCityUseCase.swift */; };
		8793C93129CF2CB300B2E708 /* CityTableViewCell.swift in Sources */ = {isa = PBXBuildFile; fileRef = 8793C92F29CF2CB300B2E708 /* CityTableViewCell.swift */; };
		8793C93229CF2CB300B2E708 /* CityTableViewCell.xib in Resources */ = {isa = PBXBuildFile; fileRef = 8793C93029CF2CB300B2E708 /* CityTableViewCell.xib */; };
		8793C93429CF30AA00B2E708 /* UIViewExtensions.swift in Sources */ = {isa = PBXBuildFile; fileRef = 8793C93329CF30AA00B2E708 /* UIViewExtensions.swift */; };
		8793C93729CF31CD00B2E708 /* CityTableViewCellViewModel.swift in Sources */ = {isa = PBXBuildFile; fileRef = 8793C93629CF31CD00B2E708 /* CityTableViewCellViewModel.swift */; };
		87A334A629CB874E008B2F4C /* FloatingButton.swift in Sources */ = {isa = PBXBuildFile; fileRef = 87A334A529CB874E008B2F4C /* FloatingButton.swift */; };
		87A334A929CC7DC7008B2F4C /* AppContainer.swift in Sources */ = {isa = PBXBuildFile; fileRef = 87A334A829CC7DC7008B2F4C /* AppContainer.swift */; };
		87A334AB29CC7E0A008B2F4C /* PreferredCitiesContainer.swift in Sources */ = {isa = PBXBuildFile; fileRef = 87A334AA29CC7E0A008B2F4C /* PreferredCitiesContainer.swift */; };
		87A334AE29CC9044008B2F4C /* AddPreferredCityUseCase.swift in Sources */ = {isa = PBXBuildFile; fileRef = 87A334AD29CC9044008B2F4C /* AddPreferredCityUseCase.swift */; };
		87A334B029CC94B9008B2F4C /* AppFlowCoordinator.swift in Sources */ = {isa = PBXBuildFile; fileRef = 87A334AF29CC94B9008B2F4C /* AppFlowCoordinator.swift */; };
		87A334B329CC95F1008B2F4C /* PreferredCitiesFlowCoordinator.swift in Sources */ = {isa = PBXBuildFile; fileRef = 87A334B229CC95F1008B2F4C /* PreferredCitiesFlowCoordinator.swift */; };
		87A334B929CCA47E008B2F4C /* PreferredCitiesViewController+TableView.swift in Sources */ = {isa = PBXBuildFile; fileRef = 87A334B829CCA47E008B2F4C /* PreferredCitiesViewController+TableView.swift */; };
		87A334BB29CCAAF3008B2F4C /* GetPreferredCitiesUseCase.swift in Sources */ = {isa = PBXBuildFile; fileRef = 87A334BA29CCAAF3008B2F4C /* GetPreferredCitiesUseCase.swift */; };
		87A334C129CCB06D008B2F4C /* AddPreferredCityViewController.swift in Sources */ = {isa = PBXBuildFile; fileRef = 87A334BF29CCB06D008B2F4C /* AddPreferredCityViewController.swift */; };
		87A334C229CCB06D008B2F4C /* AddPreferredCityViewController.xib in Resources */ = {isa = PBXBuildFile; fileRef = 87A334C029CCB06D008B2F4C /* AddPreferredCityViewController.xib */; };
		87A334C529CCB1D3008B2F4C /* AddPreferredCityViewModel.swift in Sources */ = {isa = PBXBuildFile; fileRef = 87A334C429CCB1D3008B2F4C /* AddPreferredCityViewModel.swift */; };
		87C2F82129D71957009E95F6 /* NavigationBarViewModel.swift in Sources */ = {isa = PBXBuildFile; fileRef = 87C2F82029D71957009E95F6 /* NavigationBarViewModel.swift */; };
		87C2F82329D724EE009E95F6 /* NavigationBar.swift in Sources */ = {isa = PBXBuildFile; fileRef = 87C2F82229D724EE009E95F6 /* NavigationBar.swift */; };
		87C2F82D29D8B092009E95F6 /* EduNSWACTFoundation-Regular.ttf in Resources */ = {isa = PBXBuildFile; fileRef = 87C2F82B29D8AF76009E95F6 /* EduNSWACTFoundation-Regular.ttf */; };
/* End PBXBuildFile section */

/* Begin PBXContainerItemProxy section */
		8783456F29CB3F2A004FD216 /* PBXContainerItemProxy */ = {
			isa = PBXContainerItemProxy;
			containerPortal = 8783455029CB3F27004FD216 /* Project object */;
			proxyType = 1;
			remoteGlobalIDString = 8783455729CB3F27004FD216;
			remoteInfo = MyWeatherApp;
		};
		8783457929CB3F2A004FD216 /* PBXContainerItemProxy */ = {
			isa = PBXContainerItemProxy;
			containerPortal = 8783455029CB3F27004FD216 /* Project object */;
			proxyType = 1;
			remoteGlobalIDString = 8783455729CB3F27004FD216;
			remoteInfo = MyWeatherApp;
		};
/* End PBXContainerItemProxy section */

/* Begin PBXFileReference section */
		8717E7F429D5C2FE006C15D7 /* DefaultSearchCityTableViewCellViewModel.swift */ = {isa = PBXFileReference; lastKnownFileType = sourcecode.swift; path = DefaultSearchCityTableViewCellViewModel.swift; sourceTree = "<group>"; };
		8717E7F629D5C46F006C15D7 /* DefaultPreferredCitiesTableViewCellViewModel.swift */ = {isa = PBXFileReference; lastKnownFileType = sourcecode.swift; path = DefaultPreferredCitiesTableViewCellViewModel.swift; sourceTree = "<group>"; };
		8731919629CDD61E007B38A9 /* AddPreferredCityViewController+TableView.swift */ = {isa = PBXFileReference; lastKnownFileType = sourcecode.swift; path = "AddPreferredCityViewController+TableView.swift"; sourceTree = "<group>"; };
		8731919929CDDCCF007B38A9 /* OpenWeatherAPI.swift */ = {isa = PBXFileReference; lastKnownFileType = sourcecode.swift; path = OpenWeatherAPI.swift; sourceTree = "<group>"; };
		8731919B29CDDDCA007B38A9 /* Cities.swift */ = {isa = PBXFileReference; lastKnownFileType = sourcecode.swift; path = Cities.swift; sourceTree = "<group>"; };
		8731919D29CDE34F007B38A9 /* SearchCitiesUseCase.swift */ = {isa = PBXFileReference; lastKnownFileType = sourcecode.swift; path = SearchCitiesUseCase.swift; sourceTree = "<group>"; };
		8731919F29CDE481007B38A9 /* DefaultSearchCitiesRepository.swift */ = {isa = PBXFileReference; lastKnownFileType = sourcecode.swift; path = DefaultSearchCitiesRepository.swift; sourceTree = "<group>"; };
		873191A129CDE4B2007B38A9 /* SearchCitiesRepository.swift */ = {isa = PBXFileReference; lastKnownFileType = sourcecode.swift; path = SearchCitiesRepository.swift; sourceTree = "<group>"; };
		873191A329CDEF98007B38A9 /* Observable.swift */ = {isa = PBXFileReference; lastKnownFileType = sourcecode.swift; path = Observable.swift; sourceTree = "<group>"; };
		8741E9F229D31FF50040E7EE /* ImageRepository.swift */ = {isa = PBXFileReference; lastKnownFileType = sourcecode.swift; path = ImageRepository.swift; sourceTree = "<group>"; };
		8741E9F429D320740040E7EE /* DefaultImageRepository.swift */ = {isa = PBXFileReference; lastKnownFileType = sourcecode.swift; path = DefaultImageRepository.swift; sourceTree = "<group>"; };
		8741E9F629D322CB0040E7EE /* GetUIImageFromImageRepositoryUseCase.swift */ = {isa = PBXFileReference; lastKnownFileType = sourcecode.swift; path = GetUIImageFromImageRepositoryUseCase.swift; sourceTree = "<group>"; };
		8741EA0529D47CAB0040E7EE /* PreferredCityModel.xcdatamodel */ = {isa = PBXFileReference; lastKnownFileType = wrapper.xcdatamodel; path = PreferredCityModel.xcdatamodel; sourceTree = "<group>"; };
		8741EA0729D47FBA0040E7EE /* IsCityAlreadyAddedUseCase.swift */ = {isa = PBXFileReference; lastKnownFileType = sourcecode.swift; path = IsCityAlreadyAddedUseCase.swift; sourceTree = "<group>"; };
		87703FE329DB6AED00FE236B /* SettingsViewController.swift */ = {isa = PBXFileReference; lastKnownFileType = sourcecode.swift; path = SettingsViewController.swift; sourceTree = "<group>"; };
		87703FE429DB6AED00FE236B /* SettingsViewController.xib */ = {isa = PBXFileReference; lastKnownFileType = file.xib; path = SettingsViewController.xib; sourceTree = "<group>"; };
		87703FE729DB6E9100FE236B /* UserDefaultsRepository.swift */ = {isa = PBXFileReference; lastKnownFileType = sourcecode.swift; path = UserDefaultsRepository.swift; sourceTree = "<group>"; };
		87703FE929DB6F1000FE236B /* DefaultUserDefaultsRepository.swift */ = {isa = PBXFileReference; lastKnownFileType = sourcecode.swift; path = DefaultUserDefaultsRepository.swift; sourceTree = "<group>"; };
		87703FEB29DB709500FE236B /* SetShowLattitudeAndLongitudeSettingUseCase.swift */ = {isa = PBXFileReference; lastKnownFileType = sourcecode.swift; path = SetShowLattitudeAndLongitudeSettingUseCase.swift; sourceTree = "<group>"; };
		87703FED29DB713700FE236B /* GetShowLattitudeAndLongitudeSettingUseCase.swift */ = {isa = PBXFileReference; lastKnownFileType = sourcecode.swift; path = GetShowLattitudeAndLongitudeSettingUseCase.swift; sourceTree = "<group>"; };
		87703FEF29DB71A800FE236B /* SettingsViewModel.swift */ = {isa = PBXFileReference; lastKnownFileType = sourcecode.swift; path = SettingsViewModel.swift; sourceTree = "<group>"; };
		8783455829CB3F27004FD216 /* MyWeatherApp.app */ = {isa = PBXFileReference; explicitFileType = wrapper.application; includeInIndex = 0; path = MyWeatherApp.app; sourceTree = BUILT_PRODUCTS_DIR; };
		8783455B29CB3F27004FD216 /* AppDelegate.swift */ = {isa = PBXFileReference; lastKnownFileType = sourcecode.swift; path = AppDelegate.swift; sourceTree = "<group>"; };
		8783456429CB3F29004FD216 /* Assets.xcassets */ = {isa = PBXFileReference; lastKnownFileType = folder.assetcatalog; path = Assets.xcassets; sourceTree = "<group>"; };
		8783456729CB3F29004FD216 /* Base */ = {isa = PBXFileReference; lastKnownFileType = file.storyboard; name = Base; path = Base.lproj/LaunchScreen.storyboard; sourceTree = "<group>"; };
		8783456929CB3F29004FD216 /* Info.plist */ = {isa = PBXFileReference; lastKnownFileType = text.plist.xml; path = Info.plist; sourceTree = "<group>"; };
		8783456E29CB3F2A004FD216 /* MyWeatherAppTests.xctest */ = {isa = PBXFileReference; explicitFileType = wrapper.cfbundle; includeInIndex = 0; path = MyWeatherAppTests.xctest; sourceTree = BUILT_PRODUCTS_DIR; };
		8783457229CB3F2A004FD216 /* MyWeatherAppTests.swift */ = {isa = PBXFileReference; lastKnownFileType = sourcecode.swift; path = MyWeatherAppTests.swift; sourceTree = "<group>"; };
		8783457829CB3F2A004FD216 /* MyWeatherAppUITests.xctest */ = {isa = PBXFileReference; explicitFileType = wrapper.cfbundle; includeInIndex = 0; path = MyWeatherAppUITests.xctest; sourceTree = BUILT_PRODUCTS_DIR; };
		8783457C29CB3F2A004FD216 /* MyWeatherAppUITests.swift */ = {isa = PBXFileReference; lastKnownFileType = sourcecode.swift; path = MyWeatherAppUITests.swift; sourceTree = "<group>"; };
		8783457E29CB3F2A004FD216 /* MyWeatherAppUITestsLaunchTests.swift */ = {isa = PBXFileReference; lastKnownFileType = sourcecode.swift; path = MyWeatherAppUITestsLaunchTests.swift; sourceTree = "<group>"; };
		8783458F29CB4DAE004FD216 /* AppConfiguration.swift */ = {isa = PBXFileReference; lastKnownFileType = sourcecode.swift; path = AppConfiguration.swift; sourceTree = "<group>"; };
		8783459C29CB5FF6004FD216 /* PreferredCitiesListViewModel.swift */ = {isa = PBXFileReference; lastKnownFileType = sourcecode.swift; path = PreferredCitiesListViewModel.swift; sourceTree = "<group>"; };
		878345A229CB653F004FD216 /* PreferredCitiesRepository.swift */ = {isa = PBXFileReference; lastKnownFileType = sourcecode.swift; path = PreferredCitiesRepository.swift; sourceTree = "<group>"; };
		878345A629CB6624004FD216 /* DefaultPreferredCitiesRepository.swift */ = {isa = PBXFileReference; lastKnownFileType = sourcecode.swift; path = DefaultPreferredCitiesRepository.swift; sourceTree = "<group>"; };
		878345B029CB75BF004FD216 /* PreferredCitiesListViewController.swift */ = {isa = PBXFileReference; lastKnownFileType = sourcecode.swift; path = PreferredCitiesListViewController.swift; sourceTree = "<group>"; };
		878345B129CB75BF004FD216 /* PreferredCitiesListViewController.xib */ = {isa = PBXFileReference; lastKnownFileType = file.xib; path = PreferredCitiesListViewController.xib; sourceTree = "<group>"; };
		8787C2DA29D4BDAA0033FF90 /* DeletePreferredCityUseCase.swift */ = {isa = PBXFileReference; lastKnownFileType = sourcecode.swift; path = DeletePreferredCityUseCase.swift; sourceTree = "<group>"; };
		8793C92F29CF2CB300B2E708 /* CityTableViewCell.swift */ = {isa = PBXFileReference; lastKnownFileType = sourcecode.swift; path = CityTableViewCell.swift; sourceTree = "<group>"; };
		8793C93029CF2CB300B2E708 /* CityTableViewCell.xib */ = {isa = PBXFileReference; lastKnownFileType = file.xib; path = CityTableViewCell.xib; sourceTree = "<group>"; };
		8793C93329CF30AA00B2E708 /* UIViewExtensions.swift */ = {isa = PBXFileReference; lastKnownFileType = sourcecode.swift; path = UIViewExtensions.swift; sourceTree = "<group>"; };
		8793C93629CF31CD00B2E708 /* CityTableViewCellViewModel.swift */ = {isa = PBXFileReference; lastKnownFileType = sourcecode.swift; path = CityTableViewCellViewModel.swift; sourceTree = "<group>"; };
		87A334A529CB874E008B2F4C /* FloatingButton.swift */ = {isa = PBXFileReference; lastKnownFileType = sourcecode.swift; path = FloatingButton.swift; sourceTree = "<group>"; };
		87A334A829CC7DC7008B2F4C /* AppContainer.swift */ = {isa = PBXFileReference; lastKnownFileType = sourcecode.swift; path = AppContainer.swift; sourceTree = "<group>"; };
		87A334AA29CC7E0A008B2F4C /* PreferredCitiesContainer.swift */ = {isa = PBXFileReference; lastKnownFileType = sourcecode.swift; path = PreferredCitiesContainer.swift; sourceTree = "<group>"; };
		87A334AD29CC9044008B2F4C /* AddPreferredCityUseCase.swift */ = {isa = PBXFileReference; lastKnownFileType = sourcecode.swift; path = AddPreferredCityUseCase.swift; sourceTree = "<group>"; };
		87A334AF29CC94B9008B2F4C /* AppFlowCoordinator.swift */ = {isa = PBXFileReference; lastKnownFileType = sourcecode.swift; path = AppFlowCoordinator.swift; sourceTree = "<group>"; };
		87A334B229CC95F1008B2F4C /* PreferredCitiesFlowCoordinator.swift */ = {isa = PBXFileReference; lastKnownFileType = sourcecode.swift; path = PreferredCitiesFlowCoordinator.swift; sourceTree = "<group>"; };
		87A334B829CCA47E008B2F4C /* PreferredCitiesViewController+TableView.swift */ = {isa = PBXFileReference; lastKnownFileType = sourcecode.swift; path = "PreferredCitiesViewController+TableView.swift"; sourceTree = "<group>"; };
		87A334BA29CCAAF3008B2F4C /* GetPreferredCitiesUseCase.swift */ = {isa = PBXFileReference; lastKnownFileType = sourcecode.swift; path = GetPreferredCitiesUseCase.swift; sourceTree = "<group>"; };
		87A334BF29CCB06D008B2F4C /* AddPreferredCityViewController.swift */ = {isa = PBXFileReference; lastKnownFileType = sourcecode.swift; path = AddPreferredCityViewController.swift; sourceTree = "<group>"; };
		87A334C029CCB06D008B2F4C /* AddPreferredCityViewController.xib */ = {isa = PBXFileReference; lastKnownFileType = file.xib; path = AddPreferredCityViewController.xib; sourceTree = "<group>"; };
		87A334C429CCB1D3008B2F4C /* AddPreferredCityViewModel.swift */ = {isa = PBXFileReference; lastKnownFileType = sourcecode.swift; path = AddPreferredCityViewModel.swift; sourceTree = "<group>"; };
		87C2F82029D71957009E95F6 /* NavigationBarViewModel.swift */ = {isa = PBXFileReference; lastKnownFileType = sourcecode.swift; path = NavigationBarViewModel.swift; sourceTree = "<group>"; };
		87C2F82229D724EE009E95F6 /* NavigationBar.swift */ = {isa = PBXFileReference; lastKnownFileType = sourcecode.swift; path = NavigationBar.swift; sourceTree = "<group>"; };
		87C2F82B29D8AF76009E95F6 /* EduNSWACTFoundation-Regular.ttf */ = {isa = PBXFileReference; lastKnownFileType = file; name = "EduNSWACTFoundation-Regular.ttf"; path = "../../../../../Downloads/Edu_NSW_ACT_Foundation/static/EduNSWACTFoundation-Regular.ttf"; sourceTree = "<group>"; };
/* End PBXFileReference section */

/* Begin PBXFrameworksBuildPhase section */
		8783455529CB3F27004FD216 /* Frameworks */ = {
			isa = PBXFrameworksBuildPhase;
			buildActionMask = 2147483647;
			files = (
			);
			runOnlyForDeploymentPostprocessing = 0;
		};
		8783456B29CB3F2A004FD216 /* Frameworks */ = {
			isa = PBXFrameworksBuildPhase;
			buildActionMask = 2147483647;
			files = (
			);
			runOnlyForDeploymentPostprocessing = 0;
		};
		8783457529CB3F2A004FD216 /* Frameworks */ = {
			isa = PBXFrameworksBuildPhase;
			buildActionMask = 2147483647;
			files = (
			);
			runOnlyForDeploymentPostprocessing = 0;
		};
/* End PBXFrameworksBuildPhase section */

/* Begin PBXGroup section */
		8731919829CDDCBE007B38A9 /* Networking */ = {
			isa = PBXGroup;
			children = (
				8731919929CDDCCF007B38A9 /* OpenWeatherAPI.swift */,
			);
			path = Networking;
			sourceTree = "<group>";
		};
		87703FE029DB6A7E00FE236B /* Settings */ = {
			isa = PBXGroup;
			children = (
				87703FE229DB6A9E00FE236B /* ViewModel */,
				87703FE129DB6A9400FE236B /* View */,
			);
			path = Settings;
			sourceTree = "<group>";
		};
		87703FE129DB6A9400FE236B /* View */ = {
			isa = PBXGroup;
			children = (
				87703FE329DB6AED00FE236B /* SettingsViewController.swift */,
				87703FE429DB6AED00FE236B /* SettingsViewController.xib */,
			);
			path = View;
			sourceTree = "<group>";
		};
		87703FE229DB6A9E00FE236B /* ViewModel */ = {
			isa = PBXGroup;
			children = (
				87703FEF29DB71A800FE236B /* SettingsViewModel.swift */,
			);
			path = ViewModel;
			sourceTree = "<group>";
		};
		8783454F29CB3F27004FD216 = {
			isa = PBXGroup;
			children = (
				8783455A29CB3F27004FD216 /* MyWeatherApp */,
				8783457129CB3F2A004FD216 /* MyWeatherAppTests */,
				8783457B29CB3F2A004FD216 /* MyWeatherAppUITests */,
				8783455929CB3F27004FD216 /* Products */,
			);
			sourceTree = "<group>";
		};
		8783455929CB3F27004FD216 /* Products */ = {
			isa = PBXGroup;
			children = (
				8783455829CB3F27004FD216 /* MyWeatherApp.app */,
				8783456E29CB3F2A004FD216 /* MyWeatherAppTests.xctest */,
				8783457829CB3F2A004FD216 /* MyWeatherAppUITests.xctest */,
			);
			name = Products;
			sourceTree = "<group>";
		};
		8783455A29CB3F27004FD216 /* MyWeatherApp */ = {
			isa = PBXGroup;
			children = (
				8731919829CDDCBE007B38A9 /* Networking */,
				878345A829CB6B97004FD216 /* Presentation */,
				878345A429CB65FB004FD216 /* Data */,
				8783459E29CB64D5004FD216 /* Domain */,
				8783459629CB5AD3004FD216 /* Resources */,
				8783458E29CB4D3F004FD216 /* Application */,
			);
			path = MyWeatherApp;
			sourceTree = "<group>";
		};
		8783457129CB3F2A004FD216 /* MyWeatherAppTests */ = {
			isa = PBXGroup;
			children = (
				8783457229CB3F2A004FD216 /* MyWeatherAppTests.swift */,
			);
			path = MyWeatherAppTests;
			sourceTree = "<group>";
		};
		8783457B29CB3F2A004FD216 /* MyWeatherAppUITests */ = {
			isa = PBXGroup;
			children = (
				8783457C29CB3F2A004FD216 /* MyWeatherAppUITests.swift */,
				8783457E29CB3F2A004FD216 /* MyWeatherAppUITestsLaunchTests.swift */,
			);
			path = MyWeatherAppUITests;
			sourceTree = "<group>";
		};
		8783458E29CB4D3F004FD216 /* Application */ = {
			isa = PBXGroup;
			children = (
				87A334A729CC7D98008B2F4C /* Container */,
				8783456629CB3F29004FD216 /* LaunchScreen.storyboard */,
				8783455B29CB3F27004FD216 /* AppDelegate.swift */,
				8783458F29CB4DAE004FD216 /* AppConfiguration.swift */,
				87A334AF29CC94B9008B2F4C /* AppFlowCoordinator.swift */,
				8741EA0429D47CAB0040E7EE /* PreferredCityModel.xcdatamodeld */,
			);
			path = Application;
			sourceTree = "<group>";
		};
		8783459629CB5AD3004FD216 /* Resources */ = {
			isa = PBXGroup;
			children = (
				87C2F82A29D8AF60009E95F6 /* Fonts */,
				8783456929CB3F29004FD216 /* Info.plist */,
				8783456429CB3F29004FD216 /* Assets.xcassets */,
			);
			path = Resources;
			sourceTree = "<group>";
		};
		8783459B29CB5FD7004FD216 /* ViewModel */ = {
			isa = PBXGroup;
			children = (
				8783459C29CB5FF6004FD216 /* PreferredCitiesListViewModel.swift */,
			);
			path = ViewModel;
			sourceTree = "<group>";
		};
		8783459E29CB64D5004FD216 /* Domain */ = {
			isa = PBXGroup;
			children = (
				87A334AC29CC902B008B2F4C /* UseCases */,
				878345A029CB64FB004FD216 /* Interfaces */,
				8783459F29CB64E0004FD216 /* Entities */,
			);
			path = Domain;
			sourceTree = "<group>";
		};
		8783459F29CB64E0004FD216 /* Entities */ = {
			isa = PBXGroup;
			children = (
				8731919B29CDDDCA007B38A9 /* Cities.swift */,
			);
			path = Entities;
			sourceTree = "<group>";
		};
		878345A029CB64FB004FD216 /* Interfaces */ = {
			isa = PBXGroup;
			children = (
				878345A129CB6501004FD216 /* Repositories */,
			);
			path = Interfaces;
			sourceTree = "<group>";
		};
		878345A129CB6501004FD216 /* Repositories */ = {
			isa = PBXGroup;
			children = (
				878345A229CB653F004FD216 /* PreferredCitiesRepository.swift */,
				873191A129CDE4B2007B38A9 /* SearchCitiesRepository.swift */,
				8741E9F229D31FF50040E7EE /* ImageRepository.swift */,
				87703FE729DB6E9100FE236B /* UserDefaultsRepository.swift */,
			);
			path = Repositories;
			sourceTree = "<group>";
		};
		878345A429CB65FB004FD216 /* Data */ = {
			isa = PBXGroup;
			children = (
				878345A529CB6601004FD216 /* Repositories */,
			);
			path = Data;
			sourceTree = "<group>";
		};
		878345A529CB6601004FD216 /* Repositories */ = {
			isa = PBXGroup;
			children = (
				878345A629CB6624004FD216 /* DefaultPreferredCitiesRepository.swift */,
				8731919F29CDE481007B38A9 /* DefaultSearchCitiesRepository.swift */,
				8741E9F429D320740040E7EE /* DefaultImageRepository.swift */,
				87703FE929DB6F1000FE236B /* DefaultUserDefaultsRepository.swift */,
			);
			path = Repositories;
			sourceTree = "<group>";
		};
		878345A829CB6B97004FD216 /* Presentation */ = {
			isa = PBXGroup;
			children = (
				87703FE029DB6A7E00FE236B /* Settings */,
				87C2F81B29D71892009E95F6 /* NavigationBar */,
				87A334A429CB8740008B2F4C /* Utils */,
				878345A929CB6BEE004FD216 /* PreferredCities */,
			);
			path = Presentation;
			sourceTree = "<group>";
		};
		878345A929CB6BEE004FD216 /* PreferredCities */ = {
			isa = PBXGroup;
			children = (
				8793C92D29CF2C5A00B2E708 /* CityCell */,
				87A334BD29CCB03C008B2F4C /* AddPreferredCity */,
				87A334B429CC9D10008B2F4C /* PreferredCitiesList */,
				87A334B129CC95D7008B2F4C /* Flows */,
			);
			path = PreferredCities;
			sourceTree = "<group>";
		};
		878345AA29CB6CCB004FD216 /* View */ = {
			isa = PBXGroup;
			children = (
				878345B029CB75BF004FD216 /* PreferredCitiesListViewController.swift */,
				878345B129CB75BF004FD216 /* PreferredCitiesListViewController.xib */,
				87A334B829CCA47E008B2F4C /* PreferredCitiesViewController+TableView.swift */,
			);
			path = View;
			sourceTree = "<group>";
		};
		8793C92D29CF2C5A00B2E708 /* CityCell */ = {
			isa = PBXGroup;
			children = (
				8793C93529CF31B100B2E708 /* ViewModel */,
				8793C92E29CF2C7D00B2E708 /* View */,
			);
			path = CityCell;
			sourceTree = "<group>";
		};
		8793C92E29CF2C7D00B2E708 /* View */ = {
			isa = PBXGroup;
			children = (
				8793C92F29CF2CB300B2E708 /* CityTableViewCell.swift */,
				8793C93029CF2CB300B2E708 /* CityTableViewCell.xib */,
			);
			path = View;
			sourceTree = "<group>";
		};
		8793C93529CF31B100B2E708 /* ViewModel */ = {
			isa = PBXGroup;
			children = (
				8793C93629CF31CD00B2E708 /* CityTableViewCellViewModel.swift */,
				8717E7F429D5C2FE006C15D7 /* DefaultSearchCityTableViewCellViewModel.swift */,
				8717E7F629D5C46F006C15D7 /* DefaultPreferredCitiesTableViewCellViewModel.swift */,
			);
			path = ViewModel;
			sourceTree = "<group>";
		};
		87A334A429CB8740008B2F4C /* Utils */ = {
			isa = PBXGroup;
			children = (
				87A334A529CB874E008B2F4C /* FloatingButton.swift */,
				873191A329CDEF98007B38A9 /* Observable.swift */,
				8793C93329CF30AA00B2E708 /* UIViewExtensions.swift */,
			);
			path = Utils;
			sourceTree = "<group>";
		};
		87A334A729CC7D98008B2F4C /* Container */ = {
			isa = PBXGroup;
			children = (
				87A334A829CC7DC7008B2F4C /* AppContainer.swift */,
				87A334AA29CC7E0A008B2F4C /* PreferredCitiesContainer.swift */,
			);
			path = Container;
			sourceTree = "<group>";
		};
		87A334AC29CC902B008B2F4C /* UseCases */ = {
			isa = PBXGroup;
			children = (
				87A334AD29CC9044008B2F4C /* AddPreferredCityUseCase.swift */,
				87A334BA29CCAAF3008B2F4C /* GetPreferredCitiesUseCase.swift */,
				8731919D29CDE34F007B38A9 /* SearchCitiesUseCase.swift */,
				8741E9F629D322CB0040E7EE /* GetUIImageFromImageRepositoryUseCase.swift */,
				8741EA0729D47FBA0040E7EE /* IsCityAlreadyAddedUseCase.swift */,
				8787C2DA29D4BDAA0033FF90 /* DeletePreferredCityUseCase.swift */,
				87703FEB29DB709500FE236B /* SetShowLattitudeAndLongitudeSettingUseCase.swift */,
				87703FED29DB713700FE236B /* GetShowLattitudeAndLongitudeSettingUseCase.swift */,
			);
			path = UseCases;
			sourceTree = "<group>";
		};
		87A334B129CC95D7008B2F4C /* Flows */ = {
			isa = PBXGroup;
			children = (
				87A334B229CC95F1008B2F4C /* PreferredCitiesFlowCoordinator.swift */,
			);
			path = Flows;
			sourceTree = "<group>";
		};
		87A334B429CC9D10008B2F4C /* PreferredCitiesList */ = {
			isa = PBXGroup;
			children = (
				8783459B29CB5FD7004FD216 /* ViewModel */,
				878345AA29CB6CCB004FD216 /* View */,
			);
			path = PreferredCitiesList;
			sourceTree = "<group>";
		};
		87A334BD29CCB03C008B2F4C /* AddPreferredCity */ = {
			isa = PBXGroup;
			children = (
				87A334C329CCB1BD008B2F4C /* ViewModel */,
				87A334BE29CCB048008B2F4C /* View */,
			);
			path = AddPreferredCity;
			sourceTree = "<group>";
		};
		87A334BE29CCB048008B2F4C /* View */ = {
			isa = PBXGroup;
			children = (
				87A334BF29CCB06D008B2F4C /* AddPreferredCityViewController.swift */,
				87A334C029CCB06D008B2F4C /* AddPreferredCityViewController.xib */,
				8731919629CDD61E007B38A9 /* AddPreferredCityViewController+TableView.swift */,
			);
			path = View;
			sourceTree = "<group>";
		};
		87A334C329CCB1BD008B2F4C /* ViewModel */ = {
			isa = PBXGroup;
			children = (
				87A334C429CCB1D3008B2F4C /* AddPreferredCityViewModel.swift */,
			);
			path = ViewModel;
			sourceTree = "<group>";
		};
		87C2F81B29D71892009E95F6 /* NavigationBar */ = {
			isa = PBXGroup;
			children = (
				87C2F81F29D7193B009E95F6 /* ViewModel */,
				87C2F82229D724EE009E95F6 /* NavigationBar.swift */,
			);
			path = NavigationBar;
			sourceTree = "<group>";
		};
		87C2F81F29D7193B009E95F6 /* ViewModel */ = {
			isa = PBXGroup;
			children = (
				87C2F82029D71957009E95F6 /* NavigationBarViewModel.swift */,
			);
			path = ViewModel;
			sourceTree = "<group>";
		};
		87C2F82A29D8AF60009E95F6 /* Fonts */ = {
			isa = PBXGroup;
			children = (
				87C2F82B29D8AF76009E95F6 /* EduNSWACTFoundation-Regular.ttf */,
			);
			path = Fonts;
			sourceTree = "<group>";
		};
/* End PBXGroup section */

/* Begin PBXNativeTarget section */
		8783455729CB3F27004FD216 /* MyWeatherApp */ = {
			isa = PBXNativeTarget;
			buildConfigurationList = 8783458229CB3F2A004FD216 /* Build configuration list for PBXNativeTarget "MyWeatherApp" */;
			buildPhases = (
				8783455429CB3F27004FD216 /* Sources */,
				8783455529CB3F27004FD216 /* Frameworks */,
				8783455629CB3F27004FD216 /* Resources */,
			);
			buildRules = (
			);
			dependencies = (
			);
			name = MyWeatherApp;
			productName = MyWeatherApp;
			productReference = 8783455829CB3F27004FD216 /* MyWeatherApp.app */;
			productType = "com.apple.product-type.application";
		};
		8783456D29CB3F2A004FD216 /* MyWeatherAppTests */ = {
			isa = PBXNativeTarget;
			buildConfigurationList = 8783458529CB3F2A004FD216 /* Build configuration list for PBXNativeTarget "MyWeatherAppTests" */;
			buildPhases = (
				8783456A29CB3F2A004FD216 /* Sources */,
				8783456B29CB3F2A004FD216 /* Frameworks */,
				8783456C29CB3F2A004FD216 /* Resources */,
			);
			buildRules = (
			);
			dependencies = (
				8783457029CB3F2A004FD216 /* PBXTargetDependency */,
			);
			name = MyWeatherAppTests;
			productName = MyWeatherAppTests;
			productReference = 8783456E29CB3F2A004FD216 /* MyWeatherAppTests.xctest */;
			productType = "com.apple.product-type.bundle.unit-test";
		};
		8783457729CB3F2A004FD216 /* MyWeatherAppUITests */ = {
			isa = PBXNativeTarget;
			buildConfigurationList = 8783458829CB3F2A004FD216 /* Build configuration list for PBXNativeTarget "MyWeatherAppUITests" */;
			buildPhases = (
				8783457429CB3F2A004FD216 /* Sources */,
				8783457529CB3F2A004FD216 /* Frameworks */,
				8783457629CB3F2A004FD216 /* Resources */,
			);
			buildRules = (
			);
			dependencies = (
				8783457A29CB3F2A004FD216 /* PBXTargetDependency */,
			);
			name = MyWeatherAppUITests;
			productName = MyWeatherAppUITests;
			productReference = 8783457829CB3F2A004FD216 /* MyWeatherAppUITests.xctest */;
			productType = "com.apple.product-type.bundle.ui-testing";
		};
/* End PBXNativeTarget section */

/* Begin PBXProject section */
		8783455029CB3F27004FD216 /* Project object */ = {
			isa = PBXProject;
			attributes = {
				BuildIndependentTargetsInParallel = 1;
				LastSwiftUpdateCheck = 1420;
				LastUpgradeCheck = 1420;
				TargetAttributes = {
					8783455729CB3F27004FD216 = {
						CreatedOnToolsVersion = 14.2;
					};
					8783456D29CB3F2A004FD216 = {
						CreatedOnToolsVersion = 14.2;
						TestTargetID = 8783455729CB3F27004FD216;
					};
					8783457729CB3F2A004FD216 = {
						CreatedOnToolsVersion = 14.2;
						TestTargetID = 8783455729CB3F27004FD216;
					};
				};
			};
			buildConfigurationList = 8783455329CB3F27004FD216 /* Build configuration list for PBXProject "MyWeatherApp" */;
			compatibilityVersion = "Xcode 14.0";
			developmentRegion = en;
			hasScannedForEncodings = 0;
			knownRegions = (
				en,
				Base,
			);
			mainGroup = 8783454F29CB3F27004FD216;
			productRefGroup = 8783455929CB3F27004FD216 /* Products */;
			projectDirPath = "";
			projectRoot = "";
			targets = (
				8783455729CB3F27004FD216 /* MyWeatherApp */,
				8783456D29CB3F2A004FD216 /* MyWeatherAppTests */,
				8783457729CB3F2A004FD216 /* MyWeatherAppUITests */,
			);
		};
/* End PBXProject section */

/* Begin PBXResourcesBuildPhase section */
		8783455629CB3F27004FD216 /* Resources */ = {
			isa = PBXResourcesBuildPhase;
			buildActionMask = 2147483647;
			files = (
				8793C93229CF2CB300B2E708 /* CityTableViewCell.xib in Resources */,
				87C2F82D29D8B092009E95F6 /* EduNSWACTFoundation-Regular.ttf in Resources */,
				8783456829CB3F29004FD216 /* LaunchScreen.storyboard in Resources */,
				8783456529CB3F29004FD216 /* Assets.xcassets in Resources */,
				87703FE629DB6AED00FE236B /* SettingsViewController.xib in Resources */,
				878345B329CB75BF004FD216 /* PreferredCitiesListViewController.xib in Resources */,
				87A334C229CCB06D008B2F4C /* AddPreferredCityViewController.xib in Resources */,
			);
			runOnlyForDeploymentPostprocessing = 0;
		};
		8783456C29CB3F2A004FD216 /* Resources */ = {
			isa = PBXResourcesBuildPhase;
			buildActionMask = 2147483647;
			files = (
			);
			runOnlyForDeploymentPostprocessing = 0;
		};
		8783457629CB3F2A004FD216 /* Resources */ = {
			isa = PBXResourcesBuildPhase;
			buildActionMask = 2147483647;
			files = (
			);
			runOnlyForDeploymentPostprocessing = 0;
		};
/* End PBXResourcesBuildPhase section */

/* Begin PBXSourcesBuildPhase section */
		8783455429CB3F27004FD216 /* Sources */ = {
			isa = PBXSourcesBuildPhase;
			buildActionMask = 2147483647;
			files = (
				873191A229CDE4B2007B38A9 /* SearchCitiesRepository.swift in Sources */,
				87A334AE29CC9044008B2F4C /* AddPreferredCityUseCase.swift in Sources */,
				8793C93129CF2CB300B2E708 /* CityTableViewCell.swift in Sources */,
				8717E7F729D5C46F006C15D7 /* DefaultPreferredCitiesTableViewCellViewModel.swift in Sources */,
				8793C93729CF31CD00B2E708 /* CityTableViewCellViewModel.swift in Sources */,
				8783459029CB4DAE004FD216 /* AppConfiguration.swift in Sources */,
				87A334A629CB874E008B2F4C /* FloatingButton.swift in Sources */,
				8741EA0629D47CAB0040E7EE /* PreferredCityModel.xcdatamodeld in Sources */,
				8741EA0829D47FBA0040E7EE /* IsCityAlreadyAddedUseCase.swift in Sources */,
				87703FEA29DB6F1000FE236B /* DefaultUserDefaultsRepository.swift in Sources */,
				873191A029CDE482007B38A9 /* DefaultSearchCitiesRepository.swift in Sources */,
				87A334B029CC94B9008B2F4C /* AppFlowCoordinator.swift in Sources */,
				87A334B929CCA47E008B2F4C /* PreferredCitiesViewController+TableView.swift in Sources */,
				8731919C29CDDDCA007B38A9 /* Cities.swift in Sources */,
				87A334B329CC95F1008B2F4C /* PreferredCitiesFlowCoordinator.swift in Sources */,
				87703FEE29DB713800FE236B /* GetShowLattitudeAndLongitudeSettingUseCase.swift in Sources */,
				8783455C29CB3F27004FD216 /* AppDelegate.swift in Sources */,
				878345A329CB653F004FD216 /* PreferredCitiesRepository.swift in Sources */,
				8731919729CDD61E007B38A9 /* AddPreferredCityViewController+TableView.swift in Sources */,
				87703FE529DB6AED00FE236B /* SettingsViewController.swift in Sources */,
				8741E9F529D320740040E7EE /* DefaultImageRepository.swift in Sources */,
				878345B229CB75BF004FD216 /* PreferredCitiesListViewController.swift in Sources */,
				87C2F82129D71957009E95F6 /* NavigationBarViewModel.swift in Sources */,
				87A334C529CCB1D3008B2F4C /* AddPreferredCityViewModel.swift in Sources */,
				8717E7F529D5C2FE006C15D7 /* DefaultSearchCityTableViewCellViewModel.swift in Sources */,
				8741E9F729D322CB0040E7EE /* GetUIImageFromImageRepositoryUseCase.swift in Sources */,
				87703FE829DB6E9100FE236B /* UserDefaultsRepository.swift in Sources */,
				8793C93429CF30AA00B2E708 /* UIViewExtensions.swift in Sources */,
				878345A729CB6624004FD216 /* DefaultPreferredCitiesRepository.swift in Sources */,
				873191A429CDEF98007B38A9 /* Observable.swift in Sources */,
				87703FEC29DB709500FE236B /* SetShowLattitudeAndLongitudeSettingUseCase.swift in Sources */,
				8731919A29CDDCCF007B38A9 /* OpenWeatherAPI.swift in Sources */,
				87A334A929CC7DC7008B2F4C /* AppContainer.swift in Sources */,
				8783459D29CB5FF6004FD216 /* PreferredCitiesListViewModel.swift in Sources */,
				87A334BB29CCAAF3008B2F4C /* GetPreferredCitiesUseCase.swift in Sources */,
				87A334AB29CC7E0A008B2F4C /* PreferredCitiesContainer.swift in Sources */,
				87A334C129CCB06D008B2F4C /* AddPreferredCityViewController.swift in Sources */,
				8731919E29CDE34F007B38A9 /* SearchCitiesUseCase.swift in Sources */,
				8787C2DB29D4BDAA0033FF90 /* DeletePreferredCityUseCase.swift in Sources */,
				87C2F82329D724EE009E95F6 /* NavigationBar.swift in Sources */,
				8741E9F329D31FF50040E7EE /* ImageRepository.swift in Sources */,
				87703FF029DB71A800FE236B /* SettingsViewModel.swift in Sources */,
			);
			runOnlyForDeploymentPostprocessing = 0;
		};
		8783456A29CB3F2A004FD216 /* Sources */ = {
			isa = PBXSourcesBuildPhase;
			buildActionMask = 2147483647;
			files = (
				8783457329CB3F2A004FD216 /* MyWeatherAppTests.swift in Sources */,
			);
			runOnlyForDeploymentPostprocessing = 0;
		};
		8783457429CB3F2A004FD216 /* Sources */ = {
			isa = PBXSourcesBuildPhase;
			buildActionMask = 2147483647;
			files = (
				8783457D29CB3F2A004FD216 /* MyWeatherAppUITests.swift in Sources */,
				8783457F29CB3F2A004FD216 /* MyWeatherAppUITestsLaunchTests.swift in Sources */,
			);
			runOnlyForDeploymentPostprocessing = 0;
		};
/* End PBXSourcesBuildPhase section */

/* Begin PBXTargetDependency section */
		8783457029CB3F2A004FD216 /* PBXTargetDependency */ = {
			isa = PBXTargetDependency;
			target = 8783455729CB3F27004FD216 /* MyWeatherApp */;
			targetProxy = 8783456F29CB3F2A004FD216 /* PBXContainerItemProxy */;
		};
		8783457A29CB3F2A004FD216 /* PBXTargetDependency */ = {
			isa = PBXTargetDependency;
			target = 8783455729CB3F27004FD216 /* MyWeatherApp */;
			targetProxy = 8783457929CB3F2A004FD216 /* PBXContainerItemProxy */;
		};
/* End PBXTargetDependency section */

/* Begin PBXVariantGroup section */
		8783456629CB3F29004FD216 /* LaunchScreen.storyboard */ = {
			isa = PBXVariantGroup;
			children = (
				8783456729CB3F29004FD216 /* Base */,
			);
			name = LaunchScreen.storyboard;
			sourceTree = "<group>";
		};
/* End PBXVariantGroup section */

/* Begin XCBuildConfiguration section */
		8783458029CB3F2A004FD216 /* Debug */ = {
			isa = XCBuildConfiguration;
			buildSettings = {
				ALWAYS_SEARCH_USER_PATHS = NO;
				CLANG_ANALYZER_NONNULL = YES;
				CLANG_ANALYZER_NUMBER_OBJECT_CONVERSION = YES_AGGRESSIVE;
				CLANG_CXX_LANGUAGE_STANDARD = "gnu++20";
				CLANG_ENABLE_MODULES = YES;
				CLANG_ENABLE_OBJC_ARC = YES;
				CLANG_ENABLE_OBJC_WEAK = YES;
				CLANG_WARN_BLOCK_CAPTURE_AUTORELEASING = YES;
				CLANG_WARN_BOOL_CONVERSION = YES;
				CLANG_WARN_COMMA = YES;
				CLANG_WARN_CONSTANT_CONVERSION = YES;
				CLANG_WARN_DEPRECATED_OBJC_IMPLEMENTATIONS = YES;
				CLANG_WARN_DIRECT_OBJC_ISA_USAGE = YES_ERROR;
				CLANG_WARN_DOCUMENTATION_COMMENTS = YES;
				CLANG_WARN_EMPTY_BODY = YES;
				CLANG_WARN_ENUM_CONVERSION = YES;
				CLANG_WARN_INFINITE_RECURSION = YES;
				CLANG_WARN_INT_CONVERSION = YES;
				CLANG_WARN_NON_LITERAL_NULL_CONVERSION = YES;
				CLANG_WARN_OBJC_IMPLICIT_RETAIN_SELF = YES;
				CLANG_WARN_OBJC_LITERAL_CONVERSION = YES;
				CLANG_WARN_OBJC_ROOT_CLASS = YES_ERROR;
				CLANG_WARN_QUOTED_INCLUDE_IN_FRAMEWORK_HEADER = YES;
				CLANG_WARN_RANGE_LOOP_ANALYSIS = YES;
				CLANG_WARN_STRICT_PROTOTYPES = YES;
				CLANG_WARN_SUSPICIOUS_MOVE = YES;
				CLANG_WARN_UNGUARDED_AVAILABILITY = YES_AGGRESSIVE;
				CLANG_WARN_UNREACHABLE_CODE = YES;
				CLANG_WARN__DUPLICATE_METHOD_MATCH = YES;
				COPY_PHASE_STRIP = NO;
				DEBUG_INFORMATION_FORMAT = dwarf;
				ENABLE_STRICT_OBJC_MSGSEND = YES;
				ENABLE_TESTABILITY = YES;
				GCC_C_LANGUAGE_STANDARD = gnu11;
				GCC_DYNAMIC_NO_PIC = NO;
				GCC_NO_COMMON_BLOCKS = YES;
				GCC_OPTIMIZATION_LEVEL = 0;
				GCC_PREPROCESSOR_DEFINITIONS = (
					"DEBUG=1",
					"$(inherited)",
				);
				GCC_WARN_64_TO_32_BIT_CONVERSION = YES;
				GCC_WARN_ABOUT_RETURN_TYPE = YES_ERROR;
				GCC_WARN_UNDECLARED_SELECTOR = YES;
				GCC_WARN_UNINITIALIZED_AUTOS = YES_AGGRESSIVE;
				GCC_WARN_UNUSED_FUNCTION = YES;
				GCC_WARN_UNUSED_VARIABLE = YES;
				IPHONEOS_DEPLOYMENT_TARGET = 16.2;
				MTL_ENABLE_DEBUG_INFO = INCLUDE_SOURCE;
				MTL_FAST_MATH = YES;
				ONLY_ACTIVE_ARCH = YES;
				SDKROOT = iphoneos;
				SWIFT_ACTIVE_COMPILATION_CONDITIONS = DEBUG;
				SWIFT_OPTIMIZATION_LEVEL = "-Onone";
			};
			name = Debug;
		};
		8783458129CB3F2A004FD216 /* Release */ = {
			isa = XCBuildConfiguration;
			buildSettings = {
				ALWAYS_SEARCH_USER_PATHS = NO;
				CLANG_ANALYZER_NONNULL = YES;
				CLANG_ANALYZER_NUMBER_OBJECT_CONVERSION = YES_AGGRESSIVE;
				CLANG_CXX_LANGUAGE_STANDARD = "gnu++20";
				CLANG_ENABLE_MODULES = YES;
				CLANG_ENABLE_OBJC_ARC = YES;
				CLANG_ENABLE_OBJC_WEAK = YES;
				CLANG_WARN_BLOCK_CAPTURE_AUTORELEASING = YES;
				CLANG_WARN_BOOL_CONVERSION = YES;
				CLANG_WARN_COMMA = YES;
				CLANG_WARN_CONSTANT_CONVERSION = YES;
				CLANG_WARN_DEPRECATED_OBJC_IMPLEMENTATIONS = YES;
				CLANG_WARN_DIRECT_OBJC_ISA_USAGE = YES_ERROR;
				CLANG_WARN_DOCUMENTATION_COMMENTS = YES;
				CLANG_WARN_EMPTY_BODY = YES;
				CLANG_WARN_ENUM_CONVERSION = YES;
				CLANG_WARN_INFINITE_RECURSION = YES;
				CLANG_WARN_INT_CONVERSION = YES;
				CLANG_WARN_NON_LITERAL_NULL_CONVERSION = YES;
				CLANG_WARN_OBJC_IMPLICIT_RETAIN_SELF = YES;
				CLANG_WARN_OBJC_LITERAL_CONVERSION = YES;
				CLANG_WARN_OBJC_ROOT_CLASS = YES_ERROR;
				CLANG_WARN_QUOTED_INCLUDE_IN_FRAMEWORK_HEADER = YES;
				CLANG_WARN_RANGE_LOOP_ANALYSIS = YES;
				CLANG_WARN_STRICT_PROTOTYPES = YES;
				CLANG_WARN_SUSPICIOUS_MOVE = YES;
				CLANG_WARN_UNGUARDED_AVAILABILITY = YES_AGGRESSIVE;
				CLANG_WARN_UNREACHABLE_CODE = YES;
				CLANG_WARN__DUPLICATE_METHOD_MATCH = YES;
				COPY_PHASE_STRIP = NO;
				DEBUG_INFORMATION_FORMAT = "dwarf-with-dsym";
				ENABLE_NS_ASSERTIONS = NO;
				ENABLE_STRICT_OBJC_MSGSEND = YES;
				GCC_C_LANGUAGE_STANDARD = gnu11;
				GCC_NO_COMMON_BLOCKS = YES;
				GCC_WARN_64_TO_32_BIT_CONVERSION = YES;
				GCC_WARN_ABOUT_RETURN_TYPE = YES_ERROR;
				GCC_WARN_UNDECLARED_SELECTOR = YES;
				GCC_WARN_UNINITIALIZED_AUTOS = YES_AGGRESSIVE;
				GCC_WARN_UNUSED_FUNCTION = YES;
				GCC_WARN_UNUSED_VARIABLE = YES;
				IPHONEOS_DEPLOYMENT_TARGET = 16.2;
				MTL_ENABLE_DEBUG_INFO = NO;
				MTL_FAST_MATH = YES;
				SDKROOT = iphoneos;
				SWIFT_COMPILATION_MODE = wholemodule;
				SWIFT_OPTIMIZATION_LEVEL = "-O";
				VALIDATE_PRODUCT = YES;
			};
			name = Release;
		};
		8783458329CB3F2A004FD216 /* Debug */ = {
			isa = XCBuildConfiguration;
			buildSettings = {
				ASSETCATALOG_COMPILER_APPICON_NAME = AppIcon;
				ASSETCATALOG_COMPILER_GLOBAL_ACCENT_COLOR_NAME = AccentColor;
				CODE_SIGN_STYLE = Automatic;
				CURRENT_PROJECT_VERSION = 1;
				DEVELOPMENT_TEAM = 4NT3F5MMV6;
				GENERATE_INFOPLIST_FILE = YES;
				INFOPLIST_FILE = MyWeatherApp/Resources/Info.plist;
				INFOPLIST_KEY_UIApplicationSupportsIndirectInputEvents = YES;
				INFOPLIST_KEY_UILaunchStoryboardName = LaunchScreen;
				INFOPLIST_KEY_UISupportedInterfaceOrientations = UIInterfaceOrientationPortrait;
				INFOPLIST_KEY_UISupportedInterfaceOrientations_iPad = "UIInterfaceOrientationLandscapeLeft UIInterfaceOrientationLandscapeRight UIInterfaceOrientationPortrait UIInterfaceOrientationPortraitUpsideDown";
				LD_RUNPATH_SEARCH_PATHS = (
					"$(inherited)",
					"@executable_path/Frameworks",
				);
				MARKETING_VERSION = 1.0;
				PRODUCT_BUNDLE_IDENTIFIER = com.enzofrzn.MyWeatherApp;
				PRODUCT_NAME = "$(TARGET_NAME)";
				SUPPORTED_PLATFORMS = "iphoneos iphonesimulator";
				SUPPORTS_MACCATALYST = NO;
				SUPPORTS_MAC_DESIGNED_FOR_IPHONE_IPAD = NO;
				SWIFT_EMIT_LOC_STRINGS = YES;
				SWIFT_VERSION = 5.0;
				TARGETED_DEVICE_FAMILY = 1;
			};
			name = Debug;
		};
		8783458429CB3F2A004FD216 /* Release */ = {
			isa = XCBuildConfiguration;
			buildSettings = {
				ASSETCATALOG_COMPILER_APPICON_NAME = AppIcon;
				ASSETCATALOG_COMPILER_GLOBAL_ACCENT_COLOR_NAME = AccentColor;
				CODE_SIGN_STYLE = Automatic;
				CURRENT_PROJECT_VERSION = 1;
				DEVELOPMENT_TEAM = 4NT3F5MMV6;
				GENERATE_INFOPLIST_FILE = YES;
				INFOPLIST_FILE = MyWeatherApp/Resources/Info.plist;
				INFOPLIST_KEY_UIApplicationSupportsIndirectInputEvents = YES;
				INFOPLIST_KEY_UILaunchStoryboardName = LaunchScreen;
				INFOPLIST_KEY_UISupportedInterfaceOrientations = UIInterfaceOrientationPortrait;
				INFOPLIST_KEY_UISupportedInterfaceOrientations_iPad = "UIInterfaceOrientationLandscapeLeft UIInterfaceOrientationLandscapeRight UIInterfaceOrientationPortrait UIInterfaceOrientationPortraitUpsideDown";
				LD_RUNPATH_SEARCH_PATHS = (
					"$(inherited)",
					"@executable_path/Frameworks",
				);
				MARKETING_VERSION = 1.0;
				PRODUCT_BUNDLE_IDENTIFIER = com.enzofrzn.MyWeatherApp;
				PRODUCT_NAME = "$(TARGET_NAME)";
				SUPPORTED_PLATFORMS = "iphoneos iphonesimulator";
				SUPPORTS_MACCATALYST = NO;
				SUPPORTS_MAC_DESIGNED_FOR_IPHONE_IPAD = NO;
				SWIFT_EMIT_LOC_STRINGS = YES;
				SWIFT_VERSION = 5.0;
				TARGETED_DEVICE_FAMILY = 1;
			};
			name = Release;
		};
		8783458629CB3F2A004FD216 /* Debug */ = {
			isa = XCBuildConfiguration;
			buildSettings = {
				ALWAYS_EMBED_SWIFT_STANDARD_LIBRARIES = YES;
				BUNDLE_LOADER = "$(TEST_HOST)";
				CODE_SIGN_STYLE = Automatic;
				CURRENT_PROJECT_VERSION = 1;
				DEVELOPMENT_TEAM = 4NT3F5MMV6;
				GENERATE_INFOPLIST_FILE = YES;
				IPHONEOS_DEPLOYMENT_TARGET = 16.2;
				MARKETING_VERSION = 1.0;
				PRODUCT_BUNDLE_IDENTIFIER = com.enzofrzn.MyWeatherAppTests;
				PRODUCT_NAME = "$(TARGET_NAME)";
				SWIFT_EMIT_LOC_STRINGS = NO;
				SWIFT_VERSION = 5.0;
				TARGETED_DEVICE_FAMILY = "1,2";
				TEST_HOST = "$(BUILT_PRODUCTS_DIR)/MyWeatherApp.app/$(BUNDLE_EXECUTABLE_FOLDER_PATH)/MyWeatherApp";
			};
			name = Debug;
		};
		8783458729CB3F2A004FD216 /* Release */ = {
			isa = XCBuildConfiguration;
			buildSettings = {
				ALWAYS_EMBED_SWIFT_STANDARD_LIBRARIES = YES;
				BUNDLE_LOADER = "$(TEST_HOST)";
				CODE_SIGN_STYLE = Automatic;
				CURRENT_PROJECT_VERSION = 1;
				DEVELOPMENT_TEAM = 4NT3F5MMV6;
				GENERATE_INFOPLIST_FILE = YES;
				IPHONEOS_DEPLOYMENT_TARGET = 16.2;
				MARKETING_VERSION = 1.0;
				PRODUCT_BUNDLE_IDENTIFIER = com.enzofrzn.MyWeatherAppTests;
				PRODUCT_NAME = "$(TARGET_NAME)";
				SWIFT_EMIT_LOC_STRINGS = NO;
				SWIFT_VERSION = 5.0;
				TARGETED_DEVICE_FAMILY = "1,2";
				TEST_HOST = "$(BUILT_PRODUCTS_DIR)/MyWeatherApp.app/$(BUNDLE_EXECUTABLE_FOLDER_PATH)/MyWeatherApp";
			};
			name = Release;
		};
		8783458929CB3F2A004FD216 /* Debug */ = {
			isa = XCBuildConfiguration;
			buildSettings = {
				ALWAYS_EMBED_SWIFT_STANDARD_LIBRARIES = YES;
				CODE_SIGN_STYLE = Automatic;
				CURRENT_PROJECT_VERSION = 1;
				DEVELOPMENT_TEAM = 4NT3F5MMV6;
				GENERATE_INFOPLIST_FILE = YES;
				MARKETING_VERSION = 1.0;
				PRODUCT_BUNDLE_IDENTIFIER = com.enzofrzn.MyWeatherAppUITests;
				PRODUCT_NAME = "$(TARGET_NAME)";
				SWIFT_EMIT_LOC_STRINGS = NO;
				SWIFT_VERSION = 5.0;
				TARGETED_DEVICE_FAMILY = "1,2";
				TEST_TARGET_NAME = MyWeatherApp;
			};
			name = Debug;
		};
		8783458A29CB3F2A004FD216 /* Release */ = {
			isa = XCBuildConfiguration;
			buildSettings = {
				ALWAYS_EMBED_SWIFT_STANDARD_LIBRARIES = YES;
				CODE_SIGN_STYLE = Automatic;
				CURRENT_PROJECT_VERSION = 1;
				DEVELOPMENT_TEAM = 4NT3F5MMV6;
				GENERATE_INFOPLIST_FILE = YES;
				MARKETING_VERSION = 1.0;
				PRODUCT_BUNDLE_IDENTIFIER = com.enzofrzn.MyWeatherAppUITests;
				PRODUCT_NAME = "$(TARGET_NAME)";
				SWIFT_EMIT_LOC_STRINGS = NO;
				SWIFT_VERSION = 5.0;
				TARGETED_DEVICE_FAMILY = "1,2";
				TEST_TARGET_NAME = MyWeatherApp;
			};
			name = Release;
		};
/* End XCBuildConfiguration section */

/* Begin XCConfigurationList section */
		8783455329CB3F27004FD216 /* Build configuration list for PBXProject "MyWeatherApp" */ = {
			isa = XCConfigurationList;
			buildConfigurations = (
				8783458029CB3F2A004FD216 /* Debug */,
				8783458129CB3F2A004FD216 /* Release */,
			);
			defaultConfigurationIsVisible = 0;
			defaultConfigurationName = Release;
		};
		8783458229CB3F2A004FD216 /* Build configuration list for PBXNativeTarget "MyWeatherApp" */ = {
			isa = XCConfigurationList;
			buildConfigurations = (
				8783458329CB3F2A004FD216 /* Debug */,
				8783458429CB3F2A004FD216 /* Release */,
			);
			defaultConfigurationIsVisible = 0;
			defaultConfigurationName = Release;
		};
		8783458529CB3F2A004FD216 /* Build configuration list for PBXNativeTarget "MyWeatherAppTests" */ = {
			isa = XCConfigurationList;
			buildConfigurations = (
				8783458629CB3F2A004FD216 /* Debug */,
				8783458729CB3F2A004FD216 /* Release */,
			);
			defaultConfigurationIsVisible = 0;
			defaultConfigurationName = Release;
		};
		8783458829CB3F2A004FD216 /* Build configuration list for PBXNativeTarget "MyWeatherAppUITests" */ = {
			isa = XCConfigurationList;
			buildConfigurations = (
				8783458929CB3F2A004FD216 /* Debug */,
				8783458A29CB3F2A004FD216 /* Release */,
			);
			defaultConfigurationIsVisible = 0;
			defaultConfigurationName = Release;
		};
/* End XCConfigurationList section */

/* Begin XCVersionGroup section */
		8741EA0429D47CAB0040E7EE /* PreferredCityModel.xcdatamodeld */ = {
			isa = XCVersionGroup;
			children = (
				8741EA0529D47CAB0040E7EE /* PreferredCityModel.xcdatamodel */,
			);
			currentVersion = 8741EA0529D47CAB0040E7EE /* PreferredCityModel.xcdatamodel */;
			path = PreferredCityModel.xcdatamodeld;
			sourceTree = "<group>";
			versionGroupType = wrapper.xcdatamodel;
		};
/* End XCVersionGroup section */
	};
	rootObject = 8783455029CB3F27004FD216 /* Project object */;
}
